// !$*UTF8*$!
{
	archiveVersion = 1;
	classes = {
	};
	objectVersion = 56;
	objects = {

/* Begin PBXBuildFile section */
		C894E4142AD82360007BB0C4 /* exercise_unit_testApp.swift in Sources */ = {isa = PBXBuildFile; fileRef = C894E4132AD82360007BB0C4 /* exercise_unit_testApp.swift */; };
		C894E4162AD82360007BB0C4 /* ContentView.swift in Sources */ = {isa = PBXBuildFile; fileRef = C894E4152AD82360007BB0C4 /* ContentView.swift */; };
		C894E4182AD82363007BB0C4 /* Assets.xcassets in Resources */ = {isa = PBXBuildFile; fileRef = C894E4172AD82363007BB0C4 /* Assets.xcassets */; };
		C894E41B2AD82363007BB0C4 /* Preview Assets.xcassets in Resources */ = {isa = PBXBuildFile; fileRef = C894E41A2AD82363007BB0C4 /* Preview Assets.xcassets */; };
		C894E4252AD82364007BB0C4 /* exercise_unit_testTests.swift in Sources */ = {isa = PBXBuildFile; fileRef = C894E4242AD82364007BB0C4 /* exercise_unit_testTests.swift */; };
		C894E42F2AD82364007BB0C4 /* exercise_unit_testUITests.swift in Sources */ = {isa = PBXBuildFile; fileRef = C894E42E2AD82364007BB0C4 /* exercise_unit_testUITests.swift */; };
		C894E4312AD82364007BB0C4 /* exercise_unit_testUITestsLaunchTests.swift in Sources */ = {isa = PBXBuildFile; fileRef = C894E4302AD82364007BB0C4 /* exercise_unit_testUITestsLaunchTests.swift */; };
		C894E4442AD8243F007BB0C4 /* Checkout.swift in Sources */ = {isa = PBXBuildFile; fileRef = C894E4432AD8243F007BB0C4 /* Checkout.swift */; };
/* End PBXBuildFile section */

/* Begin PBXContainerItemProxy section */
		C894E4212AD82364007BB0C4 /* PBXContainerItemProxy */ = {
			isa = PBXContainerItemProxy;
			containerPortal = C894E4082AD82360007BB0C4 /* Project object */;
			proxyType = 1;
			remoteGlobalIDString = C894E40F2AD82360007BB0C4;
			remoteInfo = exercise_unit_test;
		};
		C894E42B2AD82364007BB0C4 /* PBXContainerItemProxy */ = {
			isa = PBXContainerItemProxy;
			containerPortal = C894E4082AD82360007BB0C4 /* Project object */;
			proxyType = 1;
			remoteGlobalIDString = C894E40F2AD82360007BB0C4;
			remoteInfo = exercise_unit_test;
		};
/* End PBXContainerItemProxy section */

/* Begin PBXFileReference section */
		C894E4102AD82360007BB0C4 /* exercise_unit_test.app */ = {isa = PBXFileReference; explicitFileType = wrapper.application; includeInIndex = 0; path = exercise_unit_test.app; sourceTree = BUILT_PRODUCTS_DIR; };
		C894E4132AD82360007BB0C4 /* exercise_unit_testApp.swift */ = {isa = PBXFileReference; lastKnownFileType = sourcecode.swift; path = exercise_unit_testApp.swift; sourceTree = "<group>"; };
		C894E4152AD82360007BB0C4 /* ContentView.swift */ = {isa = PBXFileReference; lastKnownFileType = sourcecode.swift; path = ContentView.swift; sourceTree = "<group>"; };
		C894E4172AD82363007BB0C4 /* Assets.xcassets */ = {isa = PBXFileReference; lastKnownFileType = folder.assetcatalog; path = Assets.xcassets; sourceTree = "<group>"; };
		C894E41A2AD82363007BB0C4 /* Preview Assets.xcassets */ = {isa = PBXFileReference; lastKnownFileType = folder.assetcatalog; path = "Preview Assets.xcassets"; sourceTree = "<group>"; };
		C894E4202AD82364007BB0C4 /* exercise_unit_testTests.xctest */ = {isa = PBXFileReference; explicitFileType = wrapper.cfbundle; includeInIndex = 0; path = exercise_unit_testTests.xctest; sourceTree = BUILT_PRODUCTS_DIR; };
		C894E4242AD82364007BB0C4 /* exercise_unit_testTests.swift */ = {isa = PBXFileReference; lastKnownFileType = sourcecode.swift; path = exercise_unit_testTests.swift; sourceTree = "<group>"; };
		C894E42A2AD82364007BB0C4 /* exercise_unit_testUITests.xctest */ = {isa = PBXFileReference; explicitFileType = wrapper.cfbundle; includeInIndex = 0; path = exercise_unit_testUITests.xctest; sourceTree = BUILT_PRODUCTS_DIR; };
		C894E42E2AD82364007BB0C4 /* exercise_unit_testUITests.swift */ = {isa = PBXFileReference; lastKnownFileType = sourcecode.swift; path = exercise_unit_testUITests.swift; sourceTree = "<group>"; };
		C894E4302AD82364007BB0C4 /* exercise_unit_testUITestsLaunchTests.swift */ = {isa = PBXFileReference; lastKnownFileType = sourcecode.swift; path = exercise_unit_testUITestsLaunchTests.swift; sourceTree = "<group>"; };
		C894E4432AD8243F007BB0C4 /* Checkout.swift */ = {isa = PBXFileReference; lastKnownFileType = sourcecode.swift; path = Checkout.swift; sourceTree = "<group>"; };
/* End PBXFileReference section */

/* Begin PBXFrameworksBuildPhase section */
		C894E40D2AD82360007BB0C4 /* Frameworks */ = {
			isa = PBXFrameworksBuildPhase;
			buildActionMask = 2147483647;
			files = (
			);
			runOnlyForDeploymentPostprocessing = 0;
		};
		C894E41D2AD82363007BB0C4 /* Frameworks */ = {
			isa = PBXFrameworksBuildPhase;
			buildActionMask = 2147483647;
			files = (
			);
			runOnlyForDeploymentPostprocessing = 0;
		};
		C894E4272AD82364007BB0C4 /* Frameworks */ = {
			isa = PBXFrameworksBuildPhase;
			buildActionMask = 2147483647;
			files = (
			);
			runOnlyForDeploymentPostprocessing = 0;
		};
/* End PBXFrameworksBuildPhase section */

/* Begin PBXGroup section */
		C894E4072AD82360007BB0C4 = {
			isa = PBXGroup;
			children = (
				C894E4122AD82360007BB0C4 /* exercise_unit_test */,
				C894E4232AD82364007BB0C4 /* exercise_unit_testTests */,
				C894E42D2AD82364007BB0C4 /* exercise_unit_testUITests */,
				C894E4112AD82360007BB0C4 /* Products */,
			);
			sourceTree = "<group>";
		};
		C894E4112AD82360007BB0C4 /* Products */ = {
			isa = PBXGroup;
			children = (
				C894E4102AD82360007BB0C4 /* exercise_unit_test.app */,
				C894E4202AD82364007BB0C4 /* exercise_unit_testTests.xctest */,
				C894E42A2AD82364007BB0C4 /* exercise_unit_testUITests.xctest */,
			);
			name = Products;
			sourceTree = "<group>";
		};
		C894E4122AD82360007BB0C4 /* exercise_unit_test */ = {
			isa = PBXGroup;
			children = (
				C894E4432AD8243F007BB0C4 /* Checkout.swift */,
				C894E4132AD82360007BB0C4 /* exercise_unit_testApp.swift */,
				C894E4152AD82360007BB0C4 /* ContentView.swift */,
				C894E4172AD82363007BB0C4 /* Assets.xcassets */,
				C894E4192AD82363007BB0C4 /* Preview Content */,
			);
			path = exercise_unit_test;
			sourceTree = "<group>";
		};
		C894E4192AD82363007BB0C4 /* Preview Content */ = {
			isa = PBXGroup;
			children = (
				C894E41A2AD82363007BB0C4 /* Preview Assets.xcassets */,
			);
			path = "Preview Content";
			sourceTree = "<group>";
		};
		C894E4232AD82364007BB0C4 /* exercise_unit_testTests */ = {
			isa = PBXGroup;
			children = (
				C894E4242AD82364007BB0C4 /* exercise_unit_testTests.swift */,
			);
			path = exercise_unit_testTests;
			sourceTree = "<group>";
		};
		C894E42D2AD82364007BB0C4 /* exercise_unit_testUITests */ = {
			isa = PBXGroup;
			children = (
				C894E42E2AD82364007BB0C4 /* exercise_unit_testUITests.swift */,
				C894E4302AD82364007BB0C4 /* exercise_unit_testUITestsLaunchTests.swift */,
			);
			path = exercise_unit_testUITests;
			sourceTree = "<group>";
		};
/* End PBXGroup section */

/* Begin PBXNativeTarget section */
		C894E40F2AD82360007BB0C4 /* exercise_unit_test */ = {
			isa = PBXNativeTarget;
			buildConfigurationList = C894E4342AD82364007BB0C4 /* Build configuration list for PBXNativeTarget "exercise_unit_test" */;
			buildPhases = (
				C894E40C2AD82360007BB0C4 /* Sources */,
				C894E40D2AD82360007BB0C4 /* Frameworks */,
				C894E40E2AD82360007BB0C4 /* Resources */,
			);
			buildRules = (
			);
			dependencies = (
			);
			name = exercise_unit_test;
			productName = exercise_unit_test;
			productReference = C894E4102AD82360007BB0C4 /* exercise_unit_test.app */;
			productType = "com.apple.product-type.application";
		};
		C894E41F2AD82363007BB0C4 /* exercise_unit_testTests */ = {
			isa = PBXNativeTarget;
			buildConfigurationList = C894E4372AD82364007BB0C4 /* Build configuration list for PBXNativeTarget "exercise_unit_testTests" */;
			buildPhases = (
				C894E41C2AD82363007BB0C4 /* Sources */,
				C894E41D2AD82363007BB0C4 /* Frameworks */,
				C894E41E2AD82363007BB0C4 /* Resources */,
			);
			buildRules = (
			);
			dependencies = (
				C894E4222AD82364007BB0C4 /* PBXTargetDependency */,
			);
			name = exercise_unit_testTests;
			productName = exercise_unit_testTests;
			productReference = C894E4202AD82364007BB0C4 /* exercise_unit_testTests.xctest */;
			productType = "com.apple.product-type.bundle.unit-test";
		};
		C894E4292AD82364007BB0C4 /* exercise_unit_testUITests */ = {
			isa = PBXNativeTarget;
			buildConfigurationList = C894E43A2AD82364007BB0C4 /* Build configuration list for PBXNativeTarget "exercise_unit_testUITests" */;
			buildPhases = (
				C894E4262AD82364007BB0C4 /* Sources */,
				C894E4272AD82364007BB0C4 /* Frameworks */,
				C894E4282AD82364007BB0C4 /* Resources */,
			);
			buildRules = (
			);
			dependencies = (
				C894E42C2AD82364007BB0C4 /* PBXTargetDependency */,
			);
			name = exercise_unit_testUITests;
			productName = exercise_unit_testUITests;
			productReference = C894E42A2AD82364007BB0C4 /* exercise_unit_testUITests.xctest */;
			productType = "com.apple.product-type.bundle.ui-testing";
		};
/* End PBXNativeTarget section */

/* Begin PBXProject section */
		C894E4082AD82360007BB0C4 /* Project object */ = {
			isa = PBXProject;
			attributes = {
				BuildIndependentTargetsInParallel = 1;
				LastSwiftUpdateCheck = 1430;
				LastUpgradeCheck = 1430;
				TargetAttributes = {
					C894E40F2AD82360007BB0C4 = {
						CreatedOnToolsVersion = 14.3.1;
					};
					C894E41F2AD82363007BB0C4 = {
						CreatedOnToolsVersion = 14.3.1;
						TestTargetID = C894E40F2AD82360007BB0C4;
					};
					C894E4292AD82364007BB0C4 = {
						CreatedOnToolsVersion = 14.3.1;
						TestTargetID = C894E40F2AD82360007BB0C4;
					};
				};
			};
			buildConfigurationList = C894E40B2AD82360007BB0C4 /* Build configuration list for PBXProject "exercise_unit_test" */;
			compatibilityVersion = "Xcode 14.0";
			developmentRegion = en;
			hasScannedForEncodings = 0;
			knownRegions = (
				en,
				Base,
			);
			mainGroup = C894E4072AD82360007BB0C4;
			productRefGroup = C894E4112AD82360007BB0C4 /* Products */;
			projectDirPath = "";
			projectRoot = "";
			targets = (
				C894E40F2AD82360007BB0C4 /* exercise_unit_test */,
				C894E41F2AD82363007BB0C4 /* exercise_unit_testTests */,
				C894E4292AD82364007BB0C4 /* exercise_unit_testUITests */,
			);
		};
/* End PBXProject section */

/* Begin PBXResourcesBuildPhase section */
		C894E40E2AD82360007BB0C4 /* Resources */ = {
			isa = PBXResourcesBuildPhase;
			buildActionMask = 2147483647;
			files = (
				C894E41B2AD82363007BB0C4 /* Preview Assets.xcassets in Resources */,
				C894E4182AD82363007BB0C4 /* Assets.xcassets in Resources */,
			);
			runOnlyForDeploymentPostprocessing = 0;
		};
		C894E41E2AD82363007BB0C4 /* Resources */ = {
			isa = PBXResourcesBuildPhase;
			buildActionMask = 2147483647;
			files = (
			);
			runOnlyForDeploymentPostprocessing = 0;
		};
		C894E4282AD82364007BB0C4 /* Resources */ = {
			isa = PBXResourcesBuildPhase;
			buildActionMask = 2147483647;
			files = (
			);
			runOnlyForDeploymentPostprocessing = 0;
		};
/* End PBXResourcesBuildPhase section */

/* Begin PBXSourcesBuildPhase section */
		C894E40C2AD82360007BB0C4 /* Sources */ = {
			isa = PBXSourcesBuildPhase;
			buildActionMask = 2147483647;
			files = (
				C894E4442AD8243F007BB0C4 /* Checkout.swift in Sources */,
				C894E4162AD82360007BB0C4 /* ContentView.swift in Sources */,
				C894E4142AD82360007BB0C4 /* exercise_unit_testApp.swift in Sources */,
			);
			runOnlyForDeploymentPostprocessing = 0;
		};
		C894E41C2AD82363007BB0C4 /* Sources */ = {
			isa = PBXSourcesBuildPhase;
			buildActionMask = 2147483647;
			files = (
				C894E4252AD82364007BB0C4 /* exercise_unit_testTests.swift in Sources */,
			);
			runOnlyForDeploymentPostprocessing = 0;
		};
		C894E4262AD82364007BB0C4 /* Sources */ = {
			isa = PBXSourcesBuildPhase;
			buildActionMask = 2147483647;
			files = (
				C894E4312AD82364007BB0C4 /* exercise_unit_testUITestsLaunchTests.swift in Sources */,
				C894E42F2AD82364007BB0C4 /* exercise_unit_testUITests.swift in Sources */,
			);
			runOnlyForDeploymentPostprocessing = 0;
		};
/* End PBXSourcesBuildPhase section */

/* Begin PBXTargetDependency section */
		C894E4222AD82364007BB0C4 /* PBXTargetDependency */ = {
			isa = PBXTargetDependency;
			target = C894E40F2AD82360007BB0C4 /* exercise_unit_test */;
			targetProxy = C894E4212AD82364007BB0C4 /* PBXContainerItemProxy */;
		};
		C894E42C2AD82364007BB0C4 /* PBXTargetDependency */ = {
			isa = PBXTargetDependency;
			target = C894E40F2AD82360007BB0C4 /* exercise_unit_test */;
			targetProxy = C894E42B2AD82364007BB0C4 /* PBXContainerItemProxy */;
		};
/* End PBXTargetDependency section */

/* Begin XCBuildConfiguration section */
		C894E4322AD82364007BB0C4 /* Debug */ = {
			isa = XCBuildConfiguration;
			buildSettings = {
				ALWAYS_SEARCH_USER_PATHS = NO;
				CLANG_ANALYZER_NONNULL = YES;
				CLANG_ANALYZER_NUMBER_OBJECT_CONVERSION = YES_AGGRESSIVE;
				CLANG_CXX_LANGUAGE_STANDARD = "gnu++20";
				CLANG_ENABLE_MODULES = YES;
				CLANG_ENABLE_OBJC_ARC = YES;
				CLANG_ENABLE_OBJC_WEAK = YES;
				CLANG_WARN_BLOCK_CAPTURE_AUTORELEASING = YES;
				CLANG_WARN_BOOL_CONVERSION = YES;
				CLANG_WARN_COMMA = YES;
				CLANG_WARN_CONSTANT_CONVERSION = YES;
				CLANG_WARN_DEPRECATED_OBJC_IMPLEMENTATIONS = YES;
				CLANG_WARN_DIRECT_OBJC_ISA_USAGE = YES_ERROR;
				CLANG_WARN_DOCUMENTATION_COMMENTS = YES;
				CLANG_WARN_EMPTY_BODY = YES;
				CLANG_WARN_ENUM_CONVERSION = YES;
				CLANG_WARN_INFINITE_RECURSION = YES;
				CLANG_WARN_INT_CONVERSION = YES;
				CLANG_WARN_NON_LITERAL_NULL_CONVERSION = YES;
				CLANG_WARN_OBJC_IMPLICIT_RETAIN_SELF = YES;
				CLANG_WARN_OBJC_LITERAL_CONVERSION = YES;
				CLANG_WARN_OBJC_ROOT_CLASS = YES_ERROR;
				CLANG_WARN_QUOTED_INCLUDE_IN_FRAMEWORK_HEADER = YES;
				CLANG_WARN_RANGE_LOOP_ANALYSIS = YES;
				CLANG_WARN_STRICT_PROTOTYPES = YES;
				CLANG_WARN_SUSPICIOUS_MOVE = YES;
				CLANG_WARN_UNGUARDED_AVAILABILITY = YES_AGGRESSIVE;
				CLANG_WARN_UNREACHABLE_CODE = YES;
				CLANG_WARN__DUPLICATE_METHOD_MATCH = YES;
				COPY_PHASE_STRIP = NO;
				DEBUG_INFORMATION_FORMAT = dwarf;
				ENABLE_STRICT_OBJC_MSGSEND = YES;
				ENABLE_TESTABILITY = YES;
				GCC_C_LANGUAGE_STANDARD = gnu11;
				GCC_DYNAMIC_NO_PIC = NO;
				GCC_NO_COMMON_BLOCKS = YES;
				GCC_OPTIMIZATION_LEVEL = 0;
				GCC_PREPROCESSOR_DEFINITIONS = (
					"DEBUG=1",
					"$(inherited)",
				);
				GCC_WARN_64_TO_32_BIT_CONVERSION = YES;
				GCC_WARN_ABOUT_RETURN_TYPE = YES_ERROR;
				GCC_WARN_UNDECLARED_SELECTOR = YES;
				GCC_WARN_UNINITIALIZED_AUTOS = YES_AGGRESSIVE;
				GCC_WARN_UNUSED_FUNCTION = YES;
				GCC_WARN_UNUSED_VARIABLE = YES;
				IPHONEOS_DEPLOYMENT_TARGET = 16.4;
				MTL_ENABLE_DEBUG_INFO = INCLUDE_SOURCE;
				MTL_FAST_MATH = YES;
				ONLY_ACTIVE_ARCH = YES;
				SDKROOT = iphoneos;
				SWIFT_ACTIVE_COMPILATION_CONDITIONS = DEBUG;
				SWIFT_OPTIMIZATION_LEVEL = "-Onone";
			};
			name = Debug;
		};
		C894E4332AD82364007BB0C4 /* Release */ = {
			isa = XCBuildConfiguration;
			buildSettings = {
				ALWAYS_SEARCH_USER_PATHS = NO;
				CLANG_ANALYZER_NONNULL = YES;
				CLANG_ANALYZER_NUMBER_OBJECT_CONVERSION = YES_AGGRESSIVE;
				CLANG_CXX_LANGUAGE_STANDARD = "gnu++20";
				CLANG_ENABLE_MODULES = YES;
				CLANG_ENABLE_OBJC_ARC = YES;
				CLANG_ENABLE_OBJC_WEAK = YES;
				CLANG_WARN_BLOCK_CAPTURE_AUTORELEASING = YES;
				CLANG_WARN_BOOL_CONVERSION = YES;
				CLANG_WARN_COMMA = YES;
				CLANG_WARN_CONSTANT_CONVERSION = YES;
				CLANG_WARN_DEPRECATED_OBJC_IMPLEMENTATIONS = YES;
				CLANG_WARN_DIRECT_OBJC_ISA_USAGE = YES_ERROR;
				CLANG_WARN_DOCUMENTATION_COMMENTS = YES;
				CLANG_WARN_EMPTY_BODY = YES;
				CLANG_WARN_ENUM_CONVERSION = YES;
				CLANG_WARN_INFINITE_RECURSION = YES;
				CLANG_WARN_INT_CONVERSION = YES;
				CLANG_WARN_NON_LITERAL_NULL_CONVERSION = YES;
				CLANG_WARN_OBJC_IMPLICIT_RETAIN_SELF = YES;
				CLANG_WARN_OBJC_LITERAL_CONVERSION = YES;
				CLANG_WARN_OBJC_ROOT_CLASS = YES_ERROR;
				CLANG_WARN_QUOTED_INCLUDE_IN_FRAMEWORK_HEADER = YES;
				CLANG_WARN_RANGE_LOOP_ANALYSIS = YES;
				CLANG_WARN_STRICT_PROTOTYPES = YES;
				CLANG_WARN_SUSPICIOUS_MOVE = YES;
				CLANG_WARN_UNGUARDED_AVAILABILITY = YES_AGGRESSIVE;
				CLANG_WARN_UNREACHABLE_CODE = YES;
				CLANG_WARN__DUPLICATE_METHOD_MATCH = YES;
				COPY_PHASE_STRIP = NO;
				DEBUG_INFORMATION_FORMAT = "dwarf-with-dsym";
				ENABLE_NS_ASSERTIONS = NO;
				ENABLE_STRICT_OBJC_MSGSEND = YES;
				GCC_C_LANGUAGE_STANDARD = gnu11;
				GCC_NO_COMMON_BLOCKS = YES;
				GCC_WARN_64_TO_32_BIT_CONVERSION = YES;
				GCC_WARN_ABOUT_RETURN_TYPE = YES_ERROR;
				GCC_WARN_UNDECLARED_SELECTOR = YES;
				GCC_WARN_UNINITIALIZED_AUTOS = YES_AGGRESSIVE;
				GCC_WARN_UNUSED_FUNCTION = YES;
				GCC_WARN_UNUSED_VARIABLE = YES;
				IPHONEOS_DEPLOYMENT_TARGET = 16.4;
				MTL_ENABLE_DEBUG_INFO = NO;
				MTL_FAST_MATH = YES;
				SDKROOT = iphoneos;
				SWIFT_COMPILATION_MODE = wholemodule;
				SWIFT_OPTIMIZATION_LEVEL = "-O";
				VALIDATE_PRODUCT = YES;
			};
			name = Release;
		};
		C894E4352AD82364007BB0C4 /* Debug */ = {
			isa = XCBuildConfiguration;
			buildSettings = {
				ASSETCATALOG_COMPILER_APPICON_NAME = AppIcon;
				ASSETCATALOG_COMPILER_GLOBAL_ACCENT_COLOR_NAME = AccentColor;
				CODE_SIGN_STYLE = Automatic;
				CURRENT_PROJECT_VERSION = 1;
				DEVELOPMENT_ASSET_PATHS = "\"exercise_unit_test/Preview Content\"";
				ENABLE_PREVIEWS = YES;
				GENERATE_INFOPLIST_FILE = YES;
				INFOPLIST_KEY_UIApplicationSceneManifest_Generation = YES;
				INFOPLIST_KEY_UIApplicationSupportsIndirectInputEvents = YES;
				INFOPLIST_KEY_UILaunchScreen_Generation = YES;
				INFOPLIST_KEY_UISupportedInterfaceOrientations_iPad = "UIInterfaceOrientationPortrait UIInterfaceOrientationPortraitUpsideDown UIInterfaceOrientationLandscapeLeft UIInterfaceOrientationLandscapeRight";
				INFOPLIST_KEY_UISupportedInterfaceOrientations_iPhone = "UIInterfaceOrientationPortrait UIInterfaceOrientationLandscapeLeft UIInterfaceOrientationLandscapeRight";
				LD_RUNPATH_SEARCH_PATHS = (
					"$(inherited)",
					"@executable_path/Frameworks",
				);
				MARKETING_VERSION = 1.0;
				PRODUCT_BUNDLE_IDENTIFIER = "alwakeel.exercise-unit-test";
				PRODUCT_NAME = "$(TARGET_NAME)";
				SWIFT_EMIT_LOC_STRINGS = YES;
				SWIFT_VERSION = 5.0;
				TARGETED_DEVICE_FAMILY = "1,2";
			};
			name = Debug;
		};
		C894E4362AD82364007BB0C4 /* Release */ = {
			isa = XCBuildConfiguration;
			buildSettings = {
				ASSETCATALOG_COMPILER_APPICON_NAME = AppIcon;
				ASSETCATALOG_COMPILER_GLOBAL_ACCENT_COLOR_NAME = AccentColor;
				CODE_SIGN_STYLE = Automatic;
				CURRENT_PROJECT_VERSION = 1;
				DEVELOPMENT_ASSET_PATHS = "\"exercise_unit_test/Preview Content\"";
				ENABLE_PREVIEWS = YES;
				GENERATE_INFOPLIST_FILE = YES;
				INFOPLIST_KEY_UIApplicationSceneManifest_Generation = YES;
				INFOPLIST_KEY_UIApplicationSupportsIndirectInputEvents = YES;
				INFOPLIST_KEY_UILaunchScreen_Generation = YES;
				INFOPLIST_KEY_UISupportedInterfaceOrientations_iPad = "UIInterfaceOrientationPortrait UIInterfaceOrientationPortraitUpsideDown UIInterfaceOrientationLandscapeLeft UIInterfaceOrientationLandscapeRight";
				INFOPLIST_KEY_UISupportedInterfaceOrientations_iPhone = "UIInterfaceOrientationPortrait UIInterfaceOrientationLandscapeLeft UIInterfaceOrientationLandscapeRight";
				LD_RUNPATH_SEARCH_PATHS = (
					"$(inherited)",
					"@executable_path/Frameworks",
				);
				MARKETING_VERSION = 1.0;
				PRODUCT_BUNDLE_IDENTIFIER = "alwakeel.exercise-unit-test";
				PRODUCT_NAME = "$(TARGET_NAME)";
				SWIFT_EMIT_LOC_STRINGS = YES;
				SWIFT_VERSION = 5.0;
				TARGETED_DEVICE_FAMILY = "1,2";
			};
			name = Release;
		};
		C894E4382AD82364007BB0C4 /* Debug */ = {
			isa = XCBuildConfiguration;
			buildSettings = {
				ALWAYS_EMBED_SWIFT_STANDARD_LIBRARIES = YES;
				BUNDLE_LOADER = "$(TEST_HOST)";
				CODE_SIGN_STYLE = Automatic;
				CURRENT_PROJECT_VERSION = 1;
				GENERATE_INFOPLIST_FILE = YES;
				IPHONEOS_DEPLOYMENT_TARGET = 16.4;
				MARKETING_VERSION = 1.0;
				PRODUCT_BUNDLE_IDENTIFIER = "alwakeel.exercise-unit-testTests";
				PRODUCT_NAME = "$(TARGET_NAME)";
				SWIFT_EMIT_LOC_STRINGS = NO;
				SWIFT_VERSION = 5.0;
				TARGETED_DEVICE_FAMILY = "1,2";
				TEST_HOST = "$(BUILT_PRODUCTS_DIR)/exercise_unit_test.app/$(BUNDLE_EXECUTABLE_FOLDER_PATH)/exercise_unit_test";
			};
			name = Debug;
		};
		C894E4392AD82364007BB0C4 /* Release */ = {
			isa = XCBuildConfiguration;
			buildSettings = {
				ALWAYS_EMBED_SWIFT_STANDARD_LIBRARIES = YES;
				BUNDLE_LOADER = "$(TEST_HOST)";
				CODE_SIGN_STYLE = Automatic;
				CURRENT_PROJECT_VERSION = 1;
				GENERATE_INFOPLIST_FILE = YES;
				IPHONEOS_DEPLOYMENT_TARGET = 16.4;
				MARKETING_VERSION = 1.0;
				PRODUCT_BUNDLE_IDENTIFIER = "alwakeel.exercise-unit-testTests";
				PRODUCT_NAME = "$(TARGET_NAME)";
				SWIFT_EMIT_LOC_STRINGS = NO;
				SWIFT_VERSION = 5.0;
				TARGETED_DEVICE_FAMILY = "1,2";
				TEST_HOST = "$(BUILT_PRODUCTS_DIR)/exercise_unit_test.app/$(BUNDLE_EXECUTABLE_FOLDER_PATH)/exercise_unit_test";
			};
			name = Release;
		};
		C894E43B2AD82364007BB0C4 /* Debug */ = {
			isa = XCBuildConfiguration;
			buildSettings = {
				ALWAYS_EMBED_SWIFT_STANDARD_LIBRARIES = YES;
				CODE_SIGN_STYLE = Automatic;
				CURRENT_PROJECT_VERSION = 1;
				GENERATE_INFOPLIST_FILE = YES;
				MARKETING_VERSION = 1.0;
				PRODUCT_BUNDLE_IDENTIFIER = "alwakeel.exercise-unit-testUITests";
				PRODUCT_NAME = "$(TARGET_NAME)";
				SWIFT_EMIT_LOC_STRINGS = NO;
				SWIFT_VERSION = 5.0;
				TARGETED_DEVICE_FAMILY = "1,2";
				TEST_TARGET_NAME = exercise_unit_test;
			};
			name = Debug;
		};
		C894E43C2AD82364007BB0C4 /* Release */ = {
			isa = XCBuildConfiguration;
			buildSettings = {
				ALWAYS_EMBED_SWIFT_STANDARD_LIBRARIES = YES;
				CODE_SIGN_STYLE = Automatic;
				CURRENT_PROJECT_VERSION = 1;
				GENERATE_INFOPLIST_FILE = YES;
				MARKETING_VERSION = 1.0;
				PRODUCT_BUNDLE_IDENTIFIER = "alwakeel.exercise-unit-testUITests";
				PRODUCT_NAME = "$(TARGET_NAME)";
				SWIFT_EMIT_LOC_STRINGS = NO;
				SWIFT_VERSION = 5.0;
				TARGETED_DEVICE_FAMILY = "1,2";
				TEST_TARGET_NAME = exercise_unit_test;
			};
			name = Release;
		};
/* End XCBuildConfiguration section */

/* Begin XCConfigurationList section */
		C894E40B2AD82360007BB0C4 /* Build configuration list for PBXProject "exercise_unit_test" */ = {
			isa = XCConfigurationList;
			buildConfigurations = (
				C894E4322AD82364007BB0C4 /* Debug */,
				C894E4332AD82364007BB0C4 /* Release */,
			);
			defaultConfigurationIsVisible = 0;
			defaultConfigurationName = Release;
		};
		C894E4342AD82364007BB0C4 /* Build configuration list for PBXNativeTarget "exercise_unit_test" */ = {
			isa = XCConfigurationList;
			buildConfigurations = (
				C894E4352AD82364007BB0C4 /* Debug */,
				C894E4362AD82364007BB0C4 /* Release */,
			);
			defaultConfigurationIsVisible = 0;
			defaultConfigurationName = Release;
		};
		C894E4372AD82364007BB0C4 /* Build configuration list for PBXNativeTarget "exercise_unit_testTests" */ = {
			isa = XCConfigurationList;
			buildConfigurations = (
				C894E4382AD82364007BB0C4 /* Debug */,
				C894E4392AD82364007BB0C4 /* Release */,
			);
			defaultConfigurationIsVisible = 0;
			defaultConfigurationName = Release;
		};
		C894E43A2AD82364007BB0C4 /* Build configuration list for PBXNativeTarget "exercise_unit_testUITests" */ = {
			isa = XCConfigurationList;
			buildConfigurations = (
				C894E43B2AD82364007BB0C4 /* Debug */,
				C894E43C2AD82364007BB0C4 /* Release */,
			);
			defaultConfigurationIsVisible = 0;
			defaultConfigurationName = Release;
		};
/* End XCConfigurationList section */
	};
	rootObject = C894E4082AD82360007BB0C4 /* Project object */;
}
